{
    "_readme": [
        "This file locks the dependencies of your project to a known state",
        "Read more about it at https://getcomposer.org/doc/01-basic-usage.md#installing-dependencies",
        "This file is @generated automatically"
    ],
    "content-hash": "69d50541f7e4e1e30c239d5d2685e1ad",
    "packages": [
        {
            "name": "composer/installers",
            "version": "v1.9.0",
            "source": {
                "type": "git",
                "url": "https://github.com/composer/installers.git",
                "reference": "b93bcf0fa1fccb0b7d176b0967d969691cd74cca"
            },
            "dist": {
                "type": "zip",
                "url": "https://api.github.com/repos/composer/installers/zipball/b93bcf0fa1fccb0b7d176b0967d969691cd74cca",
                "reference": "b93bcf0fa1fccb0b7d176b0967d969691cd74cca",
                "shasum": ""
            },
            "require": {
                "composer-plugin-api": "^1.0 || ^2.0"
            },
            "replace": {
                "roundcube/plugin-installer": "*",
                "shama/baton": "*"
            },
            "require-dev": {
                "composer/composer": "1.6.* || 2.0.*@dev",
                "composer/semver": "1.0.* || 2.0.*@dev",
                "phpunit/phpunit": "^4.8.36",
                "sebastian/comparator": "^1.2.4",
                "symfony/process": "^2.3"
            },
            "type": "composer-plugin",
            "extra": {
                "class": "Composer\\Installers\\Plugin",
                "branch-alias": {
                    "dev-master": "1.0-dev"
                }
            },
            "autoload": {
                "psr-4": {
                    "Composer\\Installers\\": "src/Composer/Installers"
                }
            },
            "notification-url": "https://packagist.org/downloads/",
            "license": [
                "MIT"
            ],
            "authors": [
                {
                    "name": "Kyle Robinson Young",
                    "email": "kyle@dontkry.com",
                    "homepage": "https://github.com/shama"
                }
            ],
            "description": "A multi-framework Composer library installer",
            "homepage": "https://composer.github.io/installers/",
            "keywords": [
                "Craft",
                "Dolibarr",
                "Eliasis",
                "Hurad",
                "ImageCMS",
                "Kanboard",
                "Lan Management System",
                "MODX Evo",
                "MantisBT",
                "Mautic",
                "Maya",
                "OXID",
                "Plentymarkets",
                "Porto",
                "RadPHP",
                "SMF",
                "Thelia",
                "Whmcs",
                "WolfCMS",
                "agl",
                "aimeos",
                "annotatecms",
                "attogram",
                "bitrix",
                "cakephp",
                "chef",
                "cockpit",
                "codeigniter",
                "concrete5",
                "croogo",
                "dokuwiki",
                "drupal",
                "eZ Platform",
                "elgg",
                "expressionengine",
                "fuelphp",
                "grav",
                "installer",
                "itop",
                "joomla",
                "known",
                "kohana",
                "laravel",
                "lavalite",
                "lithium",
                "magento",
                "majima",
                "mako",
                "mediawiki",
                "modulework",
                "modx",
                "moodle",
                "osclass",
                "phpbb",
                "piwik",
                "ppi",
                "puppet",
                "pxcms",
                "reindex",
                "roundcube",
                "shopware",
                "silverstripe",
                "sydes",
                "sylius",
                "symfony",
                "typo3",
                "wordpress",
                "yawik",
                "zend",
                "zikula"
            ],
            "funding": [
                {
                    "url": "https://packagist.com",
                    "type": "custom"
                },
                {
                    "url": "https://tidelift.com/funding/github/packagist/composer/composer",
                    "type": "tidelift"
                }
            ],
            "time": "2020-04-07T06:57:05+00:00"
        },
        {
            "name": "icanboogie/inflector",
            "version": "v1.5.0",
            "source": {
                "type": "git",
                "url": "https://github.com/ICanBoogie/Inflector.git",
                "reference": "fb6ca7977f8a7ebb46aff0183ee868d798f77ab8"
            },
            "dist": {
                "type": "zip",
                "url": "https://api.github.com/repos/ICanBoogie/Inflector/zipball/fb6ca7977f8a7ebb46aff0183ee868d798f77ab8",
                "reference": "fb6ca7977f8a7ebb46aff0183ee868d798f77ab8",
                "shasum": ""
            },
            "require": {
                "ext-mbstring": "*",
                "php": ">=5.3.4"
            },
            "type": "library",
            "autoload": {
                "classmap": [
                    "lib/"
                ],
                "files": [
                    "lib/helpers.php"
                ]
            },
            "notification-url": "https://packagist.org/downloads/",
            "license": [
                "BSD-3-Clause"
            ],
            "authors": [
                {
                    "name": "Olivier Laviale",
                    "email": "olivier.laviale@gmail.com",
                    "homepage": "http://www.weirdog.com/",
                    "role": "Developer"
                }
            ],
            "description": "Multilingual inflector that transforms words from singular to plural, underscore to camel case, and more.",
            "homepage": "http://icanboogie.org/",
            "keywords": [
                "camelize",
                "hyphenate",
                "inflect",
                "multilingual",
                "pluralize",
                "singularize",
                "underscore"
            ],
            "time": "2019-05-21T19:05:31+00:00"
        },
        {
            "name": "salesforce/handlebars-php",
            "version": "2.3.0",
            "source": {
                "type": "git",
                "url": "https://github.com/salesforce/handlebars-php.git",
                "reference": "59fc47c7b2701659cb483d0f3461c4f712693b2b"
            },
            "dist": {
                "type": "zip",
                "url": "https://api.github.com/repos/salesforce/handlebars-php/zipball/59fc47c7b2701659cb483d0f3461c4f712693b2b",
                "reference": "59fc47c7b2701659cb483d0f3461c4f712693b2b",
                "shasum": ""
            },
            "require": {
                "php": ">=5.4.0"
            },
            "require-dev": {
                "phpunit/phpunit": "^4"
            },
            "type": "library",
            "autoload": {
                "psr-0": {
                    "Handlebars": "src/"
                }
            },
            "notification-url": "https://packagist.org/downloads/",
            "license": [
                "MIT"
            ],
            "authors": [
                {
                    "name": "fzerorubigd",
                    "email": "fzerorubigd@gmail.com"
                },
                {
                    "name": "Behrooz Shabani (everplays)",
                    "email": "everplays@gmail.com"
                },
                {
                    "name": "Mardix",
                    "homepage": "https://github.com/mardix"
                }
            ],
            "description": "Handlebars processor for php",
            "homepage": "http://www.github.com/salesforce/handlebars-php",
            "keywords": [
                "handlebars",
                "mustache",
                "templating"
            ],
            "time": "2020-06-08T17:23:52+00:00"
        },
        {
            "name": "tmilos/lexer",
            "version": "1.0.2",
            "source": {
                "type": "git",
                "url": "https://github.com/tmilos/lexer.git",
                "reference": "e7885595614759f1da2ff79b66e3fb26d7f875fa"
            },
            "dist": {
                "type": "zip",
                "url": "https://api.github.com/repos/tmilos/lexer/zipball/e7885595614759f1da2ff79b66e3fb26d7f875fa",
                "reference": "e7885595614759f1da2ff79b66e3fb26d7f875fa",
                "shasum": ""
            },
            "require": {
                "php": ">=5.5"
            },
            "require-dev": {
                "phpunit/phpunit": "~5.6",
                "satooshi/php-coveralls": "^1.0"
            },
            "type": "library",
            "autoload": {
                "psr-4": {
                    "Tmilos\\Lexer\\": "src/",
                    "Tests\\Tmilos\\Lexer\\": "tests/"
                }
            },
            "notification-url": "https://packagist.org/downloads/",
            "license": [
                "MIT"
            ],
            "authors": [
                {
                    "name": "Milos Tomic",
                    "email": "tmilos@gmail.com"
                }
            ],
            "description": "Lexical analyzer with individual token definition with regular expressions",
            "keywords": [
                "lexer",
                "parser"
            ],
            "time": "2016-12-21T11:22:39+00:00"
        }
    ],
    "packages-dev": [],
    "aliases": [],
    "minimum-stability": "stable",
    "stability-flags": [],
    "prefer-stable": false,
    "prefer-lowest": false,
    "platform": [],
    "platform-dev": [],
    "plugin-api-version": "1.1.0"
}
